
Microsoft Visual Studio Solution File, Format Version 12.00
#
Project("{FAE04EC0-301F-11D3-BF4B-00C04F79EFBC}") = "ModerationClient", "ModerationClient\ModerationClient.csproj", "{18FFCA62-0CA3-4B24-8708-8EE5C5BBDE41}"
EndProject
Project("{2150E333-8FDC-42A3-9474-1A3956D46DE8}") = "LibMatrix", "LibMatrix", "{C5771E60-0DA8-42AC-B54B-94C91B5B719B}"
EndProject
Project("{FAE04EC0-301F-11D3-BF4B-00C04F79EFBC}") = "LibMatrix.EventTypes", "LibMatrix\LibMatrix.EventTypes\LibMatrix.EventTypes.csproj", "{6FDD7CD7-4526-410B-858D-35FA8292317C}"
EndProject
Project("{FAE04EC0-301F-11D3-BF4B-00C04F79EFBC}") = "LibMatrix", "LibMatrix\LibMatrix\LibMatrix.csproj", "{6D307C5F-555C-455D-9F5A-09711B4CDB46}"
EndProject
Project("{FAE04EC0-301F-11D3-BF4B-00C04F79EFBC}") = "LibMatrix.MxApiExtensions", "LibMatrix\LibMatrix.MxApiExtensions\LibMatrix.MxApiExtensions.csproj", "{83634936-1CED-4C51-9ED4-AA5FC2B50808}"
EndProject
Project("{2150E333-8FDC-42A3-9474-1A3956D46DE8}") = "Tests", "Tests", "{8FD9A187-9C6D-43FB-9C33-A5D798EE335A}"
EndProject
Project("{FAE04EC0-301F-11D3-BF4B-00C04F79EFBC}") = "LibMatrix.HomeserverEmulator", "LibMatrix\Tests\LibMatrix.HomeserverEmulator\LibMatrix.HomeserverEmulator.csproj", "{E20588E0-FA0D-4335-B743-D12454077A2E}"
EndProject
Project("{FAE04EC0-301F-11D3-BF4B-00C04F79EFBC}") = "LibMatrix.Tests", "LibMatrix\Tests\LibMatrix.Tests\LibMatrix.Tests.csproj", "{7C86DF15-4D6C-4813-9EE9-6E5717D591C1}"
EndProject
Project("{FAE04EC0-301F-11D3-BF4B-00C04F79EFBC}") = "TestDataGenerator", "LibMatrix\Tests\TestDataGenerator\TestDataGenerator.csproj", "{1F709834-A5B6-49B4-AAED-18C2442183FE}"
EndProject
Project("{2150E333-8FDC-42A3-9474-1A3956D46DE8}") = "Utilities", "Utilities", "{C797EA18-F0C9-4BAA-82DF-0755F6DD7487}"
EndProject
Project("{FAE04EC0-301F-11D3-BF4B-00C04F79EFBC}") = "LibMatrix.DebugDataValidationApi", "LibMatrix\Utilities\LibMatrix.DebugDataValidationApi\LibMatrix.DebugDataValidationApi.csproj", "{D9C7D0BE-5CD0-4423-AD62-763C10B02BDE}"
EndProject
Project("{FAE04EC0-301F-11D3-BF4B-00C04F79EFBC}") = "LibMatrix.DevTestBot", "LibMatrix\Utilities\LibMatrix.DevTestBot\LibMatrix.DevTestBot.csproj", "{D1462157-81D3-411E-A322-62CCD9144650}"
EndProject
Project("{FAE04EC0-301F-11D3-BF4B-00C04F79EFBC}") = "LibMatrix.JsonSerializerContextGenerator", "LibMatrix\Utilities\LibMatrix.JsonSerializerContextGenerator\LibMatrix.JsonSerializerContextGenerator.csproj", "{63811A7A-6253-4BA5-8B89-84D81F5FCA20}"
EndProject
Project("{FAE04EC0-301F-11D3-BF4B-00C04F79EFBC}") = "LibMatrix.Utilities.Bot", "LibMatrix\Utilities\LibMatrix.Utilities.Bot\LibMatrix.Utilities.Bot.csproj", "{6847301C-7C7F-4136-8473-EAFC0DCF637D}"
EndProject
Project("{2150E333-8FDC-42A3-9474-1A3956D46DE8}") = "ArcaneLibs", "ArcaneLibs", "{D7A5A7D3-4D9E-4B15-9C48-5E75A91483CF}"
EndProject
Project("{FAE04EC0-301F-11D3-BF4B-00C04F79EFBC}") = "ArcaneLibs", "LibMatrix\ArcaneLibs\ArcaneLibs\ArcaneLibs.csproj", "{1CF28351-A1F4-4A53-8849-AE789B2813C7}"
EndProject
Project("{FAE04EC0-301F-11D3-BF4B-00C04F79EFBC}") = "ArcaneLibs.Blazor.Components", "LibMatrix\ArcaneLibs\ArcaneLibs.Blazor.Components\ArcaneLibs.Blazor.Components.csproj", "{E0ECB02C-1A5F-4401-8E2D-1DC4A3934484}"
EndProject
Project("{FAE04EC0-301F-11D3-BF4B-00C04F79EFBC}") = "ArcaneLibs.Legacy", "LibMatrix\ArcaneLibs\ArcaneLibs.Legacy\ArcaneLibs.Legacy.csproj", "{7CD998D7-AAF2-4DB7-8139-35765291863A}"
EndProject
Project("{FAE04EC0-301F-11D3-BF4B-00C04F79EFBC}") = "ArcaneLibs.Logging", "LibMatrix\ArcaneLibs\ArcaneLibs.Logging\ArcaneLibs.Logging.csproj", "{F23F39A7-E939-4238-BAF4-91BA259B7534}"
EndProject
Project("{FAE04EC0-301F-11D3-BF4B-00C04F79EFBC}") = "ArcaneLibs.StringNormalisation", "LibMatrix\ArcaneLibs\ArcaneLibs.StringNormalisation\ArcaneLibs.StringNormalisation.csproj", "{3ACB4445-D0FD-438B-B9C0-531A012D484D}"
EndProject
Project("{FAE04EC0-301F-11D3-BF4B-00C04F79EFBC}") = "ArcaneLibs.Timings", "LibMatrix\ArcaneLibs\ArcaneLibs.Timings\ArcaneLibs.Timings.csproj", "{277ED4E3-5987-450C-B82F-67AD0AAA19F1}"
EndProject
Project("{FAE04EC0-301F-11D3-BF4B-00C04F79EFBC}") = "ArcaneLibs.UsageTest", "LibMatrix\ArcaneLibs\ArcaneLibs.UsageTest\ArcaneLibs.UsageTest.csproj", "{F9BA709C-DA10-4416-A07D-C89293FB0D24}"
EndProject
Project("{FAE04EC0-301F-11D3-BF4B-00C04F79EFBC}") = "ArcaneLib.Tests", "LibMatrix\ArcaneLibs\ArcaneLib.Tests\ArcaneLib.Tests.csproj", "{046D35DF-E1F2-41DA-94D3-80CF960C100A}"
EndProject
Project("{FAE04EC0-301F-11D3-BF4B-00C04F79EFBC}") = "Test", "Test\Test.csproj", "{BC6C910C-79C7-42D3-ABD9-8B9ED9121AE5}"
EndProject
Project("{FAE04EC0-301F-11D3-BF4B-00C04F79EFBC}") = "FilesystemBenchmark", "FilesystemBenchmark\FilesystemBenchmark.csproj", "{6F3FA65D-5661-4840-B421-BF64CD4DBBD2}"
EndProject
Global
	GlobalSection(SolutionConfigurationPlatforms) = preSolution
		Debug|Any CPU = Debug|Any CPU
		Release|Any CPU = Release|Any CPU
	EndGlobalSection
	GlobalSection(ProjectConfigurationPlatforms) = postSolution
		{18FFCA62-0CA3-4B24-8708-8EE5C5BBDE41}.Debug|Any CPU.ActiveCfg = Debug|Any CPU
		{18FFCA62-0CA3-4B24-8708-8EE5C5BBDE41}.Debug|Any CPU.Build.0 = Debug|Any CPU
		{18FFCA62-0CA3-4B24-8708-8EE5C5BBDE41}.Release|Any CPU.ActiveCfg = Release|Any CPU
		{18FFCA62-0CA3-4B24-8708-8EE5C5BBDE41}.Release|Any CPU.Build.0 = Release|Any CPU
		{6FDD7CD7-4526-410B-858D-35FA8292317C}.Debug|Any CPU.ActiveCfg = Debug|Any CPU
		{6FDD7CD7-4526-410B-858D-35FA8292317C}.Debug|Any CPU.Build.0 = Debug|Any CPU
		{6FDD7CD7-4526-410B-858D-35FA8292317C}.Release|Any CPU.ActiveCfg = Release|Any CPU
		{6FDD7CD7-4526-410B-858D-35FA8292317C}.Release|Any CPU.Build.0 = Release|Any CPU
		{6D307C5F-555C-455D-9F5A-09711B4CDB46}.Debug|Any CPU.ActiveCfg = Debug|Any CPU
		{6D307C5F-555C-455D-9F5A-09711B4CDB46}.Debug|Any CPU.Build.0 = Debug|Any CPU
		{6D307C5F-555C-455D-9F5A-09711B4CDB46}.Release|Any CPU.ActiveCfg = Release|Any CPU
		{6D307C5F-555C-455D-9F5A-09711B4CDB46}.Release|Any CPU.Build.0 = Release|Any CPU
		{83634936-1CED-4C51-9ED4-AA5FC2B50808}.Debug|Any CPU.ActiveCfg = Debug|Any CPU
		{83634936-1CED-4C51-9ED4-AA5FC2B50808}.Debug|Any CPU.Build.0 = Debug|Any CPU
		{83634936-1CED-4C51-9ED4-AA5FC2B50808}.Release|Any CPU.ActiveCfg = Release|Any CPU
		{83634936-1CED-4C51-9ED4-AA5FC2B50808}.Release|Any CPU.Build.0 = Release|Any CPU
		{E20588E0-FA0D-4335-B743-D12454077A2E}.Debug|Any CPU.ActiveCfg = Debug|Any CPU
		{E20588E0-FA0D-4335-B743-D12454077A2E}.Debug|Any CPU.Build.0 = Debug|Any CPU
		{E20588E0-FA0D-4335-B743-D12454077A2E}.Release|Any CPU.ActiveCfg = Release|Any CPU
		{E20588E0-FA0D-4335-B743-D12454077A2E}.Release|Any CPU.Build.0 = Release|Any CPU
		{7C86DF15-4D6C-4813-9EE9-6E5717D591C1}.Debug|Any CPU.ActiveCfg = Debug|Any CPU
		{7C86DF15-4D6C-4813-9EE9-6E5717D591C1}.Debug|Any CPU.Build.0 = Debug|Any CPU
		{7C86DF15-4D6C-4813-9EE9-6E5717D591C1}.Release|Any CPU.ActiveCfg = Release|Any CPU
		{7C86DF15-4D6C-4813-9EE9-6E5717D591C1}.Release|Any CPU.Build.0 = Release|Any CPU
		{1F709834-A5B6-49B4-AAED-18C2442183FE}.Debug|Any CPU.ActiveCfg = Debug|Any CPU
		{1F709834-A5B6-49B4-AAED-18C2442183FE}.Debug|Any CPU.Build.0 = Debug|Any CPU
		{1F709834-A5B6-49B4-AAED-18C2442183FE}.Release|Any CPU.ActiveCfg = Release|Any CPU
		{1F709834-A5B6-49B4-AAED-18C2442183FE}.Release|Any CPU.Build.0 = Release|Any CPU
		{D9C7D0BE-5CD0-4423-AD62-763C10B02BDE}.Debug|Any CPU.ActiveCfg = Debug|Any CPU
		{D9C7D0BE-5CD0-4423-AD62-763C10B02BDE}.Debug|Any CPU.Build.0 = Debug|Any CPU
		{D9C7D0BE-5CD0-4423-AD62-763C10B02BDE}.Release|Any CPU.ActiveCfg = Release|Any CPU
		{D9C7D0BE-5CD0-4423-AD62-763C10B02BDE}.Release|Any CPU.Build.0 = Release|Any CPU
		{D1462157-81D3-411E-A322-62CCD9144650}.Debug|Any CPU.ActiveCfg = Debug|Any CPU
		{D1462157-81D3-411E-A322-62CCD9144650}.Debug|Any CPU.Build.0 = Debug|Any CPU
		{D1462157-81D3-411E-A322-62CCD9144650}.Release|Any CPU.ActiveCfg = Release|Any CPU
		{D1462157-81D3-411E-A322-62CCD9144650}.Release|Any CPU.Build.0 = Release|Any CPU
		{63811A7A-6253-4BA5-8B89-84D81F5FCA20}.Debug|Any CPU.ActiveCfg = Debug|Any CPU
		{63811A7A-6253-4BA5-8B89-84D81F5FCA20}.Debug|Any CPU.Build.0 = Debug|Any CPU
		{63811A7A-6253-4BA5-8B89-84D81F5FCA20}.Release|Any CPU.ActiveCfg = Release|Any CPU
		{63811A7A-6253-4BA5-8B89-84D81F5FCA20}.Release|Any CPU.Build.0 = Release|Any CPU
		{6847301C-7C7F-4136-8473-EAFC0DCF637D}.Debug|Any CPU.ActiveCfg = Debug|Any CPU
		{6847301C-7C7F-4136-8473-EAFC0DCF637D}.Debug|Any CPU.Build.0 = Debug|Any CPU
		{6847301C-7C7F-4136-8473-EAFC0DCF637D}.Release|Any CPU.ActiveCfg = Release|Any CPU
		{6847301C-7C7F-4136-8473-EAFC0DCF637D}.Release|Any CPU.Build.0 = Release|Any CPU
		{1CF28351-A1F4-4A53-8849-AE789B2813C7}.Debug|Any CPU.ActiveCfg = Debug|Any CPU
		{1CF28351-A1F4-4A53-8849-AE789B2813C7}.Debug|Any CPU.Build.0 = Debug|Any CPU
		{1CF28351-A1F4-4A53-8849-AE789B2813C7}.Release|Any CPU.ActiveCfg = Release|Any CPU
		{1CF28351-A1F4-4A53-8849-AE789B2813C7}.Release|Any CPU.Build.0 = Release|Any CPU
		{E0ECB02C-1A5F-4401-8E2D-1DC4A3934484}.Debug|Any CPU.ActiveCfg = Debug|Any CPU
		{E0ECB02C-1A5F-4401-8E2D-1DC4A3934484}.Debug|Any CPU.Build.0 = Debug|Any CPU
		{E0ECB02C-1A5F-4401-8E2D-1DC4A3934484}.Release|Any CPU.ActiveCfg = Release|Any CPU
		{E0ECB02C-1A5F-4401-8E2D-1DC4A3934484}.Release|Any CPU.Build.0 = Release|Any CPU
		{7CD998D7-AAF2-4DB7-8139-35765291863A}.Debug|Any CPU.ActiveCfg = Debug|Any CPU
		{7CD998D7-AAF2-4DB7-8139-35765291863A}.Debug|Any CPU.Build.0 = Debug|Any CPU
		{7CD998D7-AAF2-4DB7-8139-35765291863A}.Release|Any CPU.ActiveCfg = Release|Any CPU
		{7CD998D7-AAF2-4DB7-8139-35765291863A}.Release|Any CPU.Build.0 = Release|Any CPU
		{F23F39A7-E939-4238-BAF4-91BA259B7534}.Debug|Any CPU.ActiveCfg = Debug|Any CPU
		{F23F39A7-E939-4238-BAF4-91BA259B7534}.Debug|Any CPU.Build.0 = Debug|Any CPU
		{F23F39A7-E939-4238-BAF4-91BA259B7534}.Release|Any CPU.ActiveCfg = Release|Any CPU
		{F23F39A7-E939-4238-BAF4-91BA259B7534}.Release|Any CPU.Build.0 = Release|Any CPU
		{3ACB4445-D0FD-438B-B9C0-531A012D484D}.Debug|Any CPU.ActiveCfg = Debug|Any CPU
		{3ACB4445-D0FD-438B-B9C0-531A012D484D}.Debug|Any CPU.Build.0 = Debug|Any CPU
		{3ACB4445-D0FD-438B-B9C0-531A012D484D}.Release|Any CPU.ActiveCfg = Release|Any CPU
		{3ACB4445-D0FD-438B-B9C0-531A012D484D}.Release|Any CPU.Build.0 = Release|Any CPU
		{277ED4E3-5987-450C-B82F-67AD0AAA19F1}.Debug|Any CPU.ActiveCfg = Debug|Any CPU
		{277ED4E3-5987-450C-B82F-67AD0AAA19F1}.Debug|Any CPU.Build.0 = Debug|Any CPU
		{277ED4E3-5987-450C-B82F-67AD0AAA19F1}.Release|Any CPU.ActiveCfg = Release|Any CPU
		{277ED4E3-5987-450C-B82F-67AD0AAA19F1}.Release|Any CPU.Build.0 = Release|Any CPU
		{F9BA709C-DA10-4416-A07D-C89293FB0D24}.Debug|Any CPU.ActiveCfg = Debug|Any CPU
		{F9BA709C-DA10-4416-A07D-C89293FB0D24}.Debug|Any CPU.Build.0 = Debug|Any CPU
		{F9BA709C-DA10-4416-A07D-C89293FB0D24}.Release|Any CPU.ActiveCfg = Release|Any CPU
		{F9BA709C-DA10-4416-A07D-C89293FB0D24}.Release|Any CPU.Build.0 = Release|Any CPU
		{046D35DF-E1F2-41DA-94D3-80CF960C100A}.Debug|Any CPU.ActiveCfg = Debug|Any CPU
		{046D35DF-E1F2-41DA-94D3-80CF960C100A}.Debug|Any CPU.Build.0 = Debug|Any CPU
		{046D35DF-E1F2-41DA-94D3-80CF960C100A}.Release|Any CPU.ActiveCfg = Release|Any CPU
		{046D35DF-E1F2-41DA-94D3-80CF960C100A}.Release|Any CPU.Build.0 = Release|Any CPU
		{BC6C910C-79C7-42D3-ABD9-8B9ED9121AE5}.Debug|Any CPU.ActiveCfg = Debug|Any CPU
		{BC6C910C-79C7-42D3-ABD9-8B9ED9121AE5}.Debug|Any CPU.Build.0 = Debug|Any CPU
		{BC6C910C-79C7-42D3-ABD9-8B9ED9121AE5}.Release|Any CPU.ActiveCfg = Release|Any CPU
		{BC6C910C-79C7-42D3-ABD9-8B9ED9121AE5}.Release|Any CPU.Build.0 = Release|Any CPU
		{6F3FA65D-5661-4840-B421-BF64CD4DBBD2}.Debug|Any CPU.ActiveCfg = Debug|Any CPU
		{6F3FA65D-5661-4840-B421-BF64CD4DBBD2}.Debug|Any CPU.Build.0 = Debug|Any CPU
		{6F3FA65D-5661-4840-B421-BF64CD4DBBD2}.Release|Any CPU.ActiveCfg = Release|Any CPU
		{6F3FA65D-5661-4840-B421-BF64CD4DBBD2}.Release|Any CPU.Build.0 = Release|Any CPU
	EndGlobalSection
	GlobalSection(NestedProjects) = preSolution
		{6FDD7CD7-4526-410B-858D-35FA8292317C} = {C5771E60-0DA8-42AC-B54B-94C91B5B719B}
		{6D307C5F-555C-455D-9F5A-09711B4CDB46} = {C5771E60-0DA8-42AC-B54B-94C91B5B719B}
		{83634936-1CED-4C51-9ED4-AA5FC2B50808} = {C5771E60-0DA8-42AC-B54B-94C91B5B719B}
		{8FD9A187-9C6D-43FB-9C33-A5D798EE335A} = {C5771E60-0DA8-42AC-B54B-94C91B5B719B}
		{E20588E0-FA0D-4335-B743-D12454077A2E} = {8FD9A187-9C6D-43FB-9C33-A5D798EE335A}
		{7C86DF15-4D6C-4813-9EE9-6E5717D591C1} = {8FD9A187-9C6D-43FB-9C33-A5D798EE335A}
		{1F709834-A5B6-49B4-AAED-18C2442183FE} = {8FD9A187-9C6D-43FB-9C33-A5D798EE335A}
		{C797EA18-F0C9-4BAA-82DF-0755F6DD7487} = {C5771E60-0DA8-42AC-B54B-94C91B5B719B}
		{D9C7D0BE-5CD0-4423-AD62-763C10B02BDE} = {C797EA18-F0C9-4BAA-82DF-0755F6DD7487}
		{D1462157-81D3-411E-A322-62CCD9144650} = {C797EA18-F0C9-4BAA-82DF-0755F6DD7487}
		{63811A7A-6253-4BA5-8B89-84D81F5FCA20} = {C797EA18-F0C9-4BAA-82DF-0755F6DD7487}
		{6847301C-7C7F-4136-8473-EAFC0DCF637D} = {C797EA18-F0C9-4BAA-82DF-0755F6DD7487}
		{D7A5A7D3-4D9E-4B15-9C48-5E75A91483CF} = {C5771E60-0DA8-42AC-B54B-94C91B5B719B}
		{1CF28351-A1F4-4A53-8849-AE789B2813C7} = {D7A5A7D3-4D9E-4B15-9C48-5E75A91483CF}
		{E0ECB02C-1A5F-4401-8E2D-1DC4A3934484} = {D7A5A7D3-4D9E-4B15-9C48-5E75A91483CF}
		{7CD998D7-AAF2-4DB7-8139-35765291863A} = {D7A5A7D3-4D9E-4B15-9C48-5E75A91483CF}
		{F23F39A7-E939-4238-BAF4-91BA259B7534} = {D7A5A7D3-4D9E-4B15-9C48-5E75A91483CF}
		{3ACB4445-D0FD-438B-B9C0-531A012D484D} = {D7A5A7D3-4D9E-4B15-9C48-5E75A91483CF}
		{277ED4E3-5987-450C-B82F-67AD0AAA19F1} = {D7A5A7D3-4D9E-4B15-9C48-5E75A91483CF}
		{F9BA709C-DA10-4416-A07D-C89293FB0D24} = {D7A5A7D3-4D9E-4B15-9C48-5E75A91483CF}
		{046D35DF-E1F2-41DA-94D3-80CF960C100A} = {D7A5A7D3-4D9E-4B15-9C48-5E75A91483CF}
	EndGlobalSection
	GlobalSection(RiderSharedRunConfigurations) = postSolution
		File = .run\local\ModerationClient (Apothecary).run.xml
		File = .run\local\ModerationClient (matrix.org).run.xml
	EndGlobalSection
EndGlobal
